
Microsoft Visual Studio Solution File, Format Version 12.00
# Visual Studio Version 16
VisualStudioVersion = 16.0.29324.140
MinimumVisualStudioVersion = 10.0.40219.1
Project("{FAE04EC0-301F-11D3-BF4B-00C04F79EFBC}") = "VKHackathon.WebApp", "VKHackathon.WebApp\VKHackathon.WebApp.csproj", "{04452905-5333-49F5-961F-776AE290B021}"
EndProject
Project("{FAE04EC0-301F-11D3-BF4B-00C04F79EFBC}") = "Models", "Models\Models.csproj", "{0B8D4117-0AE1-47CB-9716-5027EB0B4A9D}"
EndProject
Global
	GlobalSection(SolutionConfigurationPlatforms) = preSolution
		Debug|Any CPU = Debug|Any CPU
		Release|Any CPU = Release|Any CPU
	EndGlobalSection
	GlobalSection(ProjectConfigurationPlatforms) = postSolution
		{04452905-5333-49F5-961F-776AE290B021}.Debug|Any CPU.ActiveCfg = Debug|Any CPU
		{04452905-5333-49F5-961F-776AE290B021}.Debug|Any CPU.Build.0 = Debug|Any CPU
		{04452905-5333-49F5-961F-776AE290B021}.Release|Any CPU.ActiveCfg = Release|Any CPU
		{04452905-5333-49F5-961F-776AE290B021}.Release|Any CPU.Build.0 = Release|Any CPU
		{0B8D4117-0AE1-47CB-9716-5027EB0B4A9D}.Debug|Any CPU.ActiveCfg = Debug|Any CPU
		{0B8D4117-0AE1-47CB-9716-5027EB0B4A9D}.Debug|Any CPU.Build.0 = Debug|Any CPU
		{0B8D4117-0AE1-47CB-9716-5027EB0B4A9D}.Release|Any CPU.ActiveCfg = Release|Any CPU
		{0B8D4117-0AE1-47CB-9716-5027EB0B4A9D}.Release|Any CPU.Build.0 = Release|Any CPU
	EndGlobalSection
	GlobalSection(SolutionProperties) = preSolution
		HideSolutionNode = FALSE
	EndGlobalSection
	GlobalSection(ExtensibilityGlobals) = postSolution
		SolutionGuid = {F030E2B0-3790-4666-A0C9-0C67F0197CA3}
	EndGlobalSection
EndGlobal
